// !$*UTF8*$!
{
	archiveVersion = 1;
	classes = {
	};
	objectVersion = 56;
	objects = {

/* Begin PBXBuildFile section */
		D21E953A2B1F394E000161FE /* Private.swift in Sources */ = {isa = PBXBuildFile; fileRef = D21E95392B1F394E000161FE /* Private.swift */; };
		D232606F2B1D4FAE009D098A /* Game.swift in Sources */ = {isa = PBXBuildFile; fileRef = D232606E2B1D4FAE009D098A /* Game.swift */; };
		D23260712B1D4FB8009D098A /* GamesList.swift in Sources */ = {isa = PBXBuildFile; fileRef = D23260702B1D4FB8009D098A /* GamesList.swift */; };
		D2715A602B1B462400343DAB /* My_Videogame_ListApp.swift in Sources */ = {isa = PBXBuildFile; fileRef = D2715A5F2B1B462400343DAB /* My_Videogame_ListApp.swift */; };
		D2715A622B1B462400343DAB /* ContentView.swift in Sources */ = {isa = PBXBuildFile; fileRef = D2715A612B1B462400343DAB /* ContentView.swift */; };
		D2715A642B1B462500343DAB /* Assets.xcassets in Resources */ = {isa = PBXBuildFile; fileRef = D2715A632B1B462500343DAB /* Assets.xcassets */; };
		D2715A672B1B462500343DAB /* Preview Assets.xcassets in Resources */ = {isa = PBXBuildFile; fileRef = D2715A662B1B462500343DAB /* Preview Assets.xcassets */; };
		D2715A6E2B1B60BB00343DAB /* LoginView.swift in Sources */ = {isa = PBXBuildFile; fileRef = D2715A6D2B1B60BB00343DAB /* LoginView.swift */; };
		D2715A702B1B60CC00343DAB /* RegistrationView.swift in Sources */ = {isa = PBXBuildFile; fileRef = D2715A6F2B1B60CC00343DAB /* RegistrationView.swift */; };
		D2715A762B1B66D700343DAB /* Functions in Frameworks */ = {isa = PBXBuildFile; productRef = D2715A752B1B66D700343DAB /* Functions */; };
		D2715A782B1B66D700343DAB /* Supabase in Frameworks */ = {isa = PBXBuildFile; productRef = D2715A772B1B66D700343DAB /* Supabase */; };
		D2715A7A2B1B672900343DAB /* LoginViewModel.swift in Sources */ = {isa = PBXBuildFile; fileRef = D2715A792B1B672900343DAB /* LoginViewModel.swift */; };
		D2715A7D2B1D29FF00343DAB /* Enumerations.swift in Sources */ = {isa = PBXBuildFile; fileRef = D2715A7C2B1D29FF00343DAB /* Enumerations.swift */; };
		D2715A7F2B1D2AA300343DAB /* VideogameSearchView.swift in Sources */ = {isa = PBXBuildFile; fileRef = D2715A7E2B1D2AA300343DAB /* VideogameSearchView.swift */; };
		D2715A812B1D2AC500343DAB /* VideogameRow.swift in Sources */ = {isa = PBXBuildFile; fileRef = D2715A802B1D2AC500343DAB /* VideogameRow.swift */; };
		D2715A832B1D2C1200343DAB /* VideogameSearchViewModel.swift in Sources */ = {isa = PBXBuildFile; fileRef = D2715A822B1D2C1200343DAB /* VideogameSearchViewModel.swift */; };
		D2AE5EB92B1F3CBB00AAB740 /* CollectionView.swift in Sources */ = {isa = PBXBuildFile; fileRef = D2AE5EB82B1F3CBB00AAB740 /* CollectionView.swift */; };
		D2AE5EBB2B1F3D1600AAB740 /* CollectionViewModel.swift in Sources */ = {isa = PBXBuildFile; fileRef = D2AE5EBA2B1F3D1600AAB740 /* CollectionViewModel.swift */; };
		D2AE5EBD2B1F3EBA00AAB740 /* GameInteractionButton.swift in Sources */ = {isa = PBXBuildFile; fileRef = D2AE5EBC2B1F3EB900AAB740 /* GameInteractionButton.swift */; };
		D2AE5EBF2B1F41BE00AAB740 /* DetailView.swift in Sources */ = {isa = PBXBuildFile; fileRef = D2AE5EBE2B1F41BE00AAB740 /* DetailView.swift */; };
		D2AE5EC12B1F42C500AAB740 /* DetailViewModel.swift in Sources */ = {isa = PBXBuildFile; fileRef = D2AE5EC02B1F42C500AAB740 /* DetailViewModel.swift */; };
		D2AE5EC42B1FAA8800AAB740 /* UserGame.swift in Sources */ = {isa = PBXBuildFile; fileRef = D2AE5EC32B1FAA8800AAB740 /* UserGame.swift */; };
/* End PBXBuildFile section */

/* Begin PBXFileReference section */
		D21E95392B1F394E000161FE /* Private.swift */ = {isa = PBXFileReference; lastKnownFileType = sourcecode.swift; path = Private.swift; sourceTree = "<group>"; };
		D232606E2B1D4FAE009D098A /* Game.swift */ = {isa = PBXFileReference; lastKnownFileType = sourcecode.swift; path = Game.swift; sourceTree = "<group>"; };
		D23260702B1D4FB8009D098A /* GamesList.swift */ = {isa = PBXFileReference; lastKnownFileType = sourcecode.swift; path = GamesList.swift; sourceTree = "<group>"; };
		D2715A5C2B1B462400343DAB /* My Videogame List.app */ = {isa = PBXFileReference; explicitFileType = wrapper.application; includeInIndex = 0; path = "My Videogame List.app"; sourceTree = BUILT_PRODUCTS_DIR; };
		D2715A5F2B1B462400343DAB /* My_Videogame_ListApp.swift */ = {isa = PBXFileReference; lastKnownFileType = sourcecode.swift; path = My_Videogame_ListApp.swift; sourceTree = "<group>"; };
		D2715A612B1B462400343DAB /* ContentView.swift */ = {isa = PBXFileReference; lastKnownFileType = sourcecode.swift; path = ContentView.swift; sourceTree = "<group>"; };
		D2715A632B1B462500343DAB /* Assets.xcassets */ = {isa = PBXFileReference; lastKnownFileType = folder.assetcatalog; path = Assets.xcassets; sourceTree = "<group>"; };
		D2715A662B1B462500343DAB /* Preview Assets.xcassets */ = {isa = PBXFileReference; lastKnownFileType = folder.assetcatalog; path = "Preview Assets.xcassets"; sourceTree = "<group>"; };
		D2715A6D2B1B60BB00343DAB /* LoginView.swift */ = {isa = PBXFileReference; lastKnownFileType = sourcecode.swift; path = LoginView.swift; sourceTree = "<group>"; };
		D2715A6F2B1B60CC00343DAB /* RegistrationView.swift */ = {isa = PBXFileReference; lastKnownFileType = sourcecode.swift; path = RegistrationView.swift; sourceTree = "<group>"; };
		D2715A792B1B672900343DAB /* LoginViewModel.swift */ = {isa = PBXFileReference; lastKnownFileType = sourcecode.swift; path = LoginViewModel.swift; sourceTree = "<group>"; };
		D2715A7C2B1D29FF00343DAB /* Enumerations.swift */ = {isa = PBXFileReference; lastKnownFileType = sourcecode.swift; path = Enumerations.swift; sourceTree = "<group>"; };
		D2715A7E2B1D2AA300343DAB /* VideogameSearchView.swift */ = {isa = PBXFileReference; lastKnownFileType = sourcecode.swift; path = VideogameSearchView.swift; sourceTree = "<group>"; };
		D2715A802B1D2AC500343DAB /* VideogameRow.swift */ = {isa = PBXFileReference; lastKnownFileType = sourcecode.swift; path = VideogameRow.swift; sourceTree = "<group>"; };
		D2715A822B1D2C1200343DAB /* VideogameSearchViewModel.swift */ = {isa = PBXFileReference; lastKnownFileType = sourcecode.swift; path = VideogameSearchViewModel.swift; sourceTree = "<group>"; };
		D2AE5EB82B1F3CBB00AAB740 /* CollectionView.swift */ = {isa = PBXFileReference; lastKnownFileType = sourcecode.swift; path = CollectionView.swift; sourceTree = "<group>"; };
		D2AE5EBA2B1F3D1600AAB740 /* CollectionViewModel.swift */ = {isa = PBXFileReference; lastKnownFileType = sourcecode.swift; path = CollectionViewModel.swift; sourceTree = "<group>"; };
		D2AE5EBC2B1F3EB900AAB740 /* GameInteractionButton.swift */ = {isa = PBXFileReference; lastKnownFileType = sourcecode.swift; path = GameInteractionButton.swift; sourceTree = "<group>"; };
		D2AE5EBE2B1F41BE00AAB740 /* DetailView.swift */ = {isa = PBXFileReference; lastKnownFileType = sourcecode.swift; path = DetailView.swift; sourceTree = "<group>"; };
		D2AE5EC02B1F42C500AAB740 /* DetailViewModel.swift */ = {isa = PBXFileReference; lastKnownFileType = sourcecode.swift; path = DetailViewModel.swift; sourceTree = "<group>"; };
		D2AE5EC32B1FAA8800AAB740 /* UserGame.swift */ = {isa = PBXFileReference; lastKnownFileType = sourcecode.swift; path = UserGame.swift; sourceTree = "<group>"; };
/* End PBXFileReference section */

/* Begin PBXFrameworksBuildPhase section */
		D2715A592B1B462400343DAB /* Frameworks */ = {
			isa = PBXFrameworksBuildPhase;
			buildActionMask = 2147483647;
			files = (
				D2715A782B1B66D700343DAB /* Supabase in Frameworks */,
				D2715A762B1B66D700343DAB /* Functions in Frameworks */,
			);
			runOnlyForDeploymentPostprocessing = 0;
		};
/* End PBXFrameworksBuildPhase section */

/* Begin PBXGroup section */
		D2715A532B1B462400343DAB = {
			isa = PBXGroup;
			children = (
				D2715A5E2B1B462400343DAB /* My Videogame List */,
				D2715A5D2B1B462400343DAB /* Products */,
			);
			sourceTree = "<group>";
		};
		D2715A5D2B1B462400343DAB /* Products */ = {
			isa = PBXGroup;
			children = (
				D2715A5C2B1B462400343DAB /* My Videogame List.app */,
			);
			name = Products;
			sourceTree = "<group>";
		};
		D2715A5E2B1B462400343DAB /* My Videogame List */ = {
			isa = PBXGroup;
			children = (
				D2715A5F2B1B462400343DAB /* My_Videogame_ListApp.swift */,
				D2715A712B1B653B00343DAB /* Models */,
				D2715A722B1B654200343DAB /* Views */,
				D2715A732B1B654800343DAB /* ViewModels */,
				D2715A632B1B462500343DAB /* Assets.xcassets */,
				D2715A7B2B1D29EF00343DAB /* Supporting Files */,
				D2715A652B1B462500343DAB /* Preview Content */,
			);
			path = "My Videogame List";
			sourceTree = "<group>";
		};
		D2715A652B1B462500343DAB /* Preview Content */ = {
			isa = PBXGroup;
			children = (
				D2715A662B1B462500343DAB /* Preview Assets.xcassets */,
			);
			path = "Preview Content";
			sourceTree = "<group>";
		};
		D2715A712B1B653B00343DAB /* Models */ = {
			isa = PBXGroup;
			children = (
				D232606E2B1D4FAE009D098A /* Game.swift */,
				D2AE5EC32B1FAA8800AAB740 /* UserGame.swift */,
				D23260702B1D4FB8009D098A /* GamesList.swift */,
			);
			path = Models;
			sourceTree = "<group>";
		};
		D2715A722B1B654200343DAB /* Views */ = {
			isa = PBXGroup;
			children = (
				D2715A6D2B1B60BB00343DAB /* LoginView.swift */,
				D2715A6F2B1B60CC00343DAB /* RegistrationView.swift */,
				D2715A7E2B1D2AA300343DAB /* VideogameSearchView.swift */,
				D2AE5EB82B1F3CBB00AAB740 /* CollectionView.swift */,
				D2AE5EBE2B1F41BE00AAB740 /* DetailView.swift */,
				D2AE5EC22B1F43D200AAB740 /* Components */,
			);
			path = Views;
			sourceTree = "<group>";
		};
		D2715A732B1B654800343DAB /* ViewModels */ = {
			isa = PBXGroup;
			children = (
				D2AE5EC02B1F42C500AAB740 /* DetailViewModel.swift */,
				D2715A792B1B672900343DAB /* LoginViewModel.swift */,
				D2AE5EBA2B1F3D1600AAB740 /* CollectionViewModel.swift */,
				D2715A822B1D2C1200343DAB /* VideogameSearchViewModel.swift */,
			);
			path = ViewModels;
			sourceTree = "<group>";
		};
		D2715A7B2B1D29EF00343DAB /* Supporting Files */ = {
			isa = PBXGroup;
			children = (
				D2715A612B1B462400343DAB /* ContentView.swift */,
				D2715A7C2B1D29FF00343DAB /* Enumerations.swift */,
				D21E95392B1F394E000161FE /* Private.swift */,
			);
			path = "Supporting Files";
			sourceTree = "<group>";
		};
		D2AE5EC22B1F43D200AAB740 /* Components */ = {
			isa = PBXGroup;
			children = (
				D2715A802B1D2AC500343DAB /* VideogameRow.swift */,
				D2AE5EBC2B1F3EB900AAB740 /* GameInteractionButton.swift */,
			);
			path = Components;
			sourceTree = "<group>";
		};
/* End PBXGroup section */

/* Begin PBXNativeTarget section */
		D2715A5B2B1B462400343DAB /* My Videogame List */ = {
			isa = PBXNativeTarget;
			buildConfigurationList = D2715A6A2B1B462500343DAB /* Build configuration list for PBXNativeTarget "My Videogame List" */;
			buildPhases = (
				D2715A582B1B462400343DAB /* Sources */,
				D2715A592B1B462400343DAB /* Frameworks */,
				D2715A5A2B1B462400343DAB /* Resources */,
			);
			buildRules = (
			);
			dependencies = (
			);
			name = "My Videogame List";
			packageProductDependencies = (
				D2715A752B1B66D700343DAB /* Functions */,
				D2715A772B1B66D700343DAB /* Supabase */,
			);
			productName = "My Videogame List";
			productReference = D2715A5C2B1B462400343DAB /* My Videogame List.app */;
			productType = "com.apple.product-type.application";
		};
/* End PBXNativeTarget section */

/* Begin PBXProject section */
		D2715A542B1B462400343DAB /* Project object */ = {
			isa = PBXProject;
			attributes = {
				BuildIndependentTargetsInParallel = 1;
				LastSwiftUpdateCheck = 1500;
				LastUpgradeCheck = 1500;
				TargetAttributes = {
					D2715A5B2B1B462400343DAB = {
						CreatedOnToolsVersion = 15.0.1;
					};
				};
			};
			buildConfigurationList = D2715A572B1B462400343DAB /* Build configuration list for PBXProject "My Videogame List" */;
			compatibilityVersion = "Xcode 14.0";
			developmentRegion = en;
			hasScannedForEncodings = 0;
			knownRegions = (
				en,
				Base,
			);
			mainGroup = D2715A532B1B462400343DAB;
			packageReferences = (
				D2715A742B1B66D700343DAB /* XCRemoteSwiftPackageReference "supabase-swift" */,
			);
			productRefGroup = D2715A5D2B1B462400343DAB /* Products */;
			projectDirPath = "";
			projectRoot = "";
			targets = (
				D2715A5B2B1B462400343DAB /* My Videogame List */,
			);
		};
/* End PBXProject section */

/* Begin PBXResourcesBuildPhase section */
		D2715A5A2B1B462400343DAB /* Resources */ = {
			isa = PBXResourcesBuildPhase;
			buildActionMask = 2147483647;
			files = (
				D2715A672B1B462500343DAB /* Preview Assets.xcassets in Resources */,
				D2715A642B1B462500343DAB /* Assets.xcassets in Resources */,
			);
			runOnlyForDeploymentPostprocessing = 0;
		};
/* End PBXResourcesBuildPhase section */

/* Begin PBXSourcesBuildPhase section */
		D2715A582B1B462400343DAB /* Sources */ = {
			isa = PBXSourcesBuildPhase;
			buildActionMask = 2147483647;
			files = (
				D2AE5EC12B1F42C500AAB740 /* DetailViewModel.swift in Sources */,
				D21E953A2B1F394E000161FE /* Private.swift in Sources */,
				D2AE5EB92B1F3CBB00AAB740 /* CollectionView.swift in Sources */,
				D2715A6E2B1B60BB00343DAB /* LoginView.swift in Sources */,
				D2715A622B1B462400343DAB /* ContentView.swift in Sources */,
				D2715A602B1B462400343DAB /* My_Videogame_ListApp.swift in Sources */,
				D2715A7A2B1B672900343DAB /* LoginViewModel.swift in Sources */,
				D2715A832B1D2C1200343DAB /* VideogameSearchViewModel.swift in Sources */,
				D2AE5EC42B1FAA8800AAB740 /* UserGame.swift in Sources */,
				D232606F2B1D4FAE009D098A /* Game.swift in Sources */,
				D2AE5EBB2B1F3D1600AAB740 /* CollectionViewModel.swift in Sources */,
				D2AE5EBF2B1F41BE00AAB740 /* DetailView.swift in Sources */,
				D2715A702B1B60CC00343DAB /* RegistrationView.swift in Sources */,
				D2715A7F2B1D2AA300343DAB /* VideogameSearchView.swift in Sources */,
				D2AE5EBD2B1F3EBA00AAB740 /* GameInteractionButton.swift in Sources */,
				D2715A812B1D2AC500343DAB /* VideogameRow.swift in Sources */,
				D2715A7D2B1D29FF00343DAB /* Enumerations.swift in Sources */,
				D23260712B1D4FB8009D098A /* GamesList.swift in Sources */,
			);
			runOnlyForDeploymentPostprocessing = 0;
		};
/* End PBXSourcesBuildPhase section */

/* Begin XCBuildConfiguration section */
		D2715A682B1B462500343DAB /* Debug */ = {
			isa = XCBuildConfiguration;
			buildSettings = {
				ALWAYS_SEARCH_USER_PATHS = NO;
				ASSETCATALOG_COMPILER_GENERATE_SWIFT_ASSET_SYMBOL_EXTENSIONS = YES;
				CLANG_ANALYZER_NONNULL = YES;
				CLANG_ANALYZER_NUMBER_OBJECT_CONVERSION = YES_AGGRESSIVE;
				CLANG_CXX_LANGUAGE_STANDARD = "gnu++20";
				CLANG_ENABLE_MODULES = YES;
				CLANG_ENABLE_OBJC_ARC = YES;
				CLANG_ENABLE_OBJC_WEAK = YES;
				CLANG_WARN_BLOCK_CAPTURE_AUTORELEASING = YES;
				CLANG_WARN_BOOL_CONVERSION = YES;
				CLANG_WARN_COMMA = YES;
				CLANG_WARN_CONSTANT_CONVERSION = YES;
				CLANG_WARN_DEPRECATED_OBJC_IMPLEMENTATIONS = YES;
				CLANG_WARN_DIRECT_OBJC_ISA_USAGE = YES_ERROR;
				CLANG_WARN_DOCUMENTATION_COMMENTS = YES;
				CLANG_WARN_EMPTY_BODY = YES;
				CLANG_WARN_ENUM_CONVERSION = YES;
				CLANG_WARN_INFINITE_RECURSION = YES;
				CLANG_WARN_INT_CONVERSION = YES;
				CLANG_WARN_NON_LITERAL_NULL_CONVERSION = YES;
				CLANG_WARN_OBJC_IMPLICIT_RETAIN_SELF = YES;
				CLANG_WARN_OBJC_LITERAL_CONVERSION = YES;
				CLANG_WARN_OBJC_ROOT_CLASS = YES_ERROR;
				CLANG_WARN_QUOTED_INCLUDE_IN_FRAMEWORK_HEADER = YES;
				CLANG_WARN_RANGE_LOOP_ANALYSIS = YES;
				CLANG_WARN_STRICT_PROTOTYPES = YES;
				CLANG_WARN_SUSPICIOUS_MOVE = YES;
				CLANG_WARN_UNGUARDED_AVAILABILITY = YES_AGGRESSIVE;
				CLANG_WARN_UNREACHABLE_CODE = YES;
				CLANG_WARN__DUPLICATE_METHOD_MATCH = YES;
				COPY_PHASE_STRIP = NO;
				DEBUG_INFORMATION_FORMAT = dwarf;
				ENABLE_STRICT_OBJC_MSGSEND = YES;
				ENABLE_TESTABILITY = YES;
				ENABLE_USER_SCRIPT_SANDBOXING = YES;
				GCC_C_LANGUAGE_STANDARD = gnu17;
				GCC_DYNAMIC_NO_PIC = NO;
				GCC_NO_COMMON_BLOCKS = YES;
				GCC_OPTIMIZATION_LEVEL = 0;
				GCC_PREPROCESSOR_DEFINITIONS = (
					"DEBUG=1",
					"$(inherited)",
				);
				GCC_WARN_64_TO_32_BIT_CONVERSION = YES;
				GCC_WARN_ABOUT_RETURN_TYPE = YES_ERROR;
				GCC_WARN_UNDECLARED_SELECTOR = YES;
				GCC_WARN_UNINITIALIZED_AUTOS = YES_AGGRESSIVE;
				GCC_WARN_UNUSED_FUNCTION = YES;
				GCC_WARN_UNUSED_VARIABLE = YES;
				IPHONEOS_DEPLOYMENT_TARGET = 17.0;
				LOCALIZATION_PREFERS_STRING_CATALOGS = YES;
				MTL_ENABLE_DEBUG_INFO = INCLUDE_SOURCE;
				MTL_FAST_MATH = YES;
				ONLY_ACTIVE_ARCH = YES;
				SDKROOT = iphoneos;
				SWIFT_ACTIVE_COMPILATION_CONDITIONS = "DEBUG $(inherited)";
				SWIFT_OPTIMIZATION_LEVEL = "-Onone";
			};
			name = Debug;
		};
		D2715A692B1B462500343DAB /* Release */ = {
			isa = XCBuildConfiguration;
			buildSettings = {
				ALWAYS_SEARCH_USER_PATHS = NO;
				ASSETCATALOG_COMPILER_GENERATE_SWIFT_ASSET_SYMBOL_EXTENSIONS = YES;
				CLANG_ANALYZER_NONNULL = YES;
				CLANG_ANALYZER_NUMBER_OBJECT_CONVERSION = YES_AGGRESSIVE;
				CLANG_CXX_LANGUAGE_STANDARD = "gnu++20";
				CLANG_ENABLE_MODULES = YES;
				CLANG_ENABLE_OBJC_ARC = YES;
				CLANG_ENABLE_OBJC_WEAK = YES;
				CLANG_WARN_BLOCK_CAPTURE_AUTORELEASING = YES;
				CLANG_WARN_BOOL_CONVERSION = YES;
				CLANG_WARN_COMMA = YES;
				CLANG_WARN_CONSTANT_CONVERSION = YES;
				CLANG_WARN_DEPRECATED_OBJC_IMPLEMENTATIONS = YES;
				CLANG_WARN_DIRECT_OBJC_ISA_USAGE = YES_ERROR;
				CLANG_WARN_DOCUMENTATION_COMMENTS = YES;
				CLANG_WARN_EMPTY_BODY = YES;
				CLANG_WARN_ENUM_CONVERSION = YES;
				CLANG_WARN_INFINITE_RECURSION = YES;
				CLANG_WARN_INT_CONVERSION = YES;
				CLANG_WARN_NON_LITERAL_NULL_CONVERSION = YES;
				CLANG_WARN_OBJC_IMPLICIT_RETAIN_SELF = YES;
				CLANG_WARN_OBJC_LITERAL_CONVERSION = YES;
				CLANG_WARN_OBJC_ROOT_CLASS = YES_ERROR;
				CLANG_WARN_QUOTED_INCLUDE_IN_FRAMEWORK_HEADER = YES;
				CLANG_WARN_RANGE_LOOP_ANALYSIS = YES;
				CLANG_WARN_STRICT_PROTOTYPES = YES;
				CLANG_WARN_SUSPICIOUS_MOVE = YES;
				CLANG_WARN_UNGUARDED_AVAILABILITY = YES_AGGRESSIVE;
				CLANG_WARN_UNREACHABLE_CODE = YES;
				CLANG_WARN__DUPLICATE_METHOD_MATCH = YES;
				COPY_PHASE_STRIP = NO;
				DEBUG_INFORMATION_FORMAT = "dwarf-with-dsym";
				ENABLE_NS_ASSERTIONS = NO;
				ENABLE_STRICT_OBJC_MSGSEND = YES;
				ENABLE_USER_SCRIPT_SANDBOXING = YES;
				GCC_C_LANGUAGE_STANDARD = gnu17;
				GCC_NO_COMMON_BLOCKS = YES;
				GCC_WARN_64_TO_32_BIT_CONVERSION = YES;
				GCC_WARN_ABOUT_RETURN_TYPE = YES_ERROR;
				GCC_WARN_UNDECLARED_SELECTOR = YES;
				GCC_WARN_UNINITIALIZED_AUTOS = YES_AGGRESSIVE;
				GCC_WARN_UNUSED_FUNCTION = YES;
				GCC_WARN_UNUSED_VARIABLE = YES;
				IPHONEOS_DEPLOYMENT_TARGET = 17.0;
				LOCALIZATION_PREFERS_STRING_CATALOGS = YES;
				MTL_ENABLE_DEBUG_INFO = NO;
				MTL_FAST_MATH = YES;
				SDKROOT = iphoneos;
				SWIFT_COMPILATION_MODE = wholemodule;
				VALIDATE_PRODUCT = YES;
			};
			name = Release;
		};
		D2715A6B2B1B462500343DAB /* Debug */ = {
			isa = XCBuildConfiguration;
			buildSettings = {
				ASSETCATALOG_COMPILER_APPICON_NAME = AppIcon;
				ASSETCATALOG_COMPILER_GLOBAL_ACCENT_COLOR_NAME = AccentColor;
				CODE_SIGN_STYLE = Automatic;
				CURRENT_PROJECT_VERSION = 1;
				DEVELOPMENT_ASSET_PATHS = "\"My Videogame List/Preview Content\"";
				DEVELOPMENT_TEAM = X66WAL58S9;
				ENABLE_PREVIEWS = YES;
				GENERATE_INFOPLIST_FILE = YES;
				INFOPLIST_KEY_UIApplicationSceneManifest_Generation = YES;
				INFOPLIST_KEY_UIApplicationSupportsIndirectInputEvents = YES;
				INFOPLIST_KEY_UILaunchScreen_Generation = YES;
				INFOPLIST_KEY_UISupportedInterfaceOrientations_iPad = "UIInterfaceOrientationPortrait UIInterfaceOrientationPortraitUpsideDown UIInterfaceOrientationLandscapeLeft UIInterfaceOrientationLandscapeRight";
				INFOPLIST_KEY_UISupportedInterfaceOrientations_iPhone = "UIInterfaceOrientationPortrait UIInterfaceOrientationLandscapeLeft UIInterfaceOrientationLandscapeRight";
				LD_RUNPATH_SEARCH_PATHS = (
					"$(inherited)",
					"@executable_path/Frameworks",
				);
				MARKETING_VERSION = 1.0;
				PRODUCT_BUNDLE_IDENTIFIER = "com.AlessandroCei.My-Videogame-List";
				PRODUCT_NAME = "$(TARGET_NAME)";
				SWIFT_EMIT_LOC_STRINGS = YES;
				SWIFT_VERSION = 5.0;
				TARGETED_DEVICE_FAMILY = "1,2";
			};
			name = Debug;
		};
		D2715A6C2B1B462500343DAB /* Release */ = {
			isa = XCBuildConfiguration;
			buildSettings = {
				ASSETCATALOG_COMPILER_APPICON_NAME = AppIcon;
				ASSETCATALOG_COMPILER_GLOBAL_ACCENT_COLOR_NAME = AccentColor;
				CODE_SIGN_STYLE = Automatic;
				CURRENT_PROJECT_VERSION = 1;
				DEVELOPMENT_ASSET_PATHS = "\"My Videogame List/Preview Content\"";
				DEVELOPMENT_TEAM = X66WAL58S9;
				ENABLE_PREVIEWS = YES;
				GENERATE_INFOPLIST_FILE = YES;
				INFOPLIST_KEY_UIApplicationSceneManifest_Generation = YES;
				INFOPLIST_KEY_UIApplicationSupportsIndirectInputEvents = YES;
				INFOPLIST_KEY_UILaunchScreen_Generation = YES;
				INFOPLIST_KEY_UISupportedInterfaceOrientations_iPad = "UIInterfaceOrientationPortrait UIInterfaceOrientationPortraitUpsideDown UIInterfaceOrientationLandscapeLeft UIInterfaceOrientationLandscapeRight";
				INFOPLIST_KEY_UISupportedInterfaceOrientations_iPhone = "UIInterfaceOrientationPortrait UIInterfaceOrientationLandscapeLeft UIInterfaceOrientationLandscapeRight";
				LD_RUNPATH_SEARCH_PATHS = (
					"$(inherited)",
					"@executable_path/Frameworks",
				);
				MARKETING_VERSION = 1.0;
				PRODUCT_BUNDLE_IDENTIFIER = "com.AlessandroCei.My-Videogame-List";
				PRODUCT_NAME = "$(TARGET_NAME)";
				SWIFT_EMIT_LOC_STRINGS = YES;
				SWIFT_VERSION = 5.0;
				TARGETED_DEVICE_FAMILY = "1,2";
			};
			name = Release;
		};
/* End XCBuildConfiguration section */

/* Begin XCConfigurationList section */
		D2715A572B1B462400343DAB /* Build configuration list for PBXProject "My Videogame List" */ = {
			isa = XCConfigurationList;
			buildConfigurations = (
				D2715A682B1B462500343DAB /* Debug */,
				D2715A692B1B462500343DAB /* Release */,
			);
			defaultConfigurationIsVisible = 0;
			defaultConfigurationName = Release;
		};
		D2715A6A2B1B462500343DAB /* Build configuration list for PBXNativeTarget "My Videogame List" */ = {
			isa = XCConfigurationList;
			buildConfigurations = (
				D2715A6B2B1B462500343DAB /* Debug */,
				D2715A6C2B1B462500343DAB /* Release */,
			);
			defaultConfigurationIsVisible = 0;
			defaultConfigurationName = Release;
		};
/* End XCConfigurationList section */

/* Begin XCRemoteSwiftPackageReference section */
		D2715A742B1B66D700343DAB /* XCRemoteSwiftPackageReference "supabase-swift" */ = {
			isa = XCRemoteSwiftPackageReference;
			repositoryURL = "https://github.com/supabase-community/supabase-swift.git";
			requirement = {
				kind = upToNextMajorVersion;
				minimumVersion = 1.0.0;
			};
		};
/* End XCRemoteSwiftPackageReference section */

/* Begin XCSwiftPackageProductDependency section */
		D2715A752B1B66D700343DAB /* Functions */ = {
			isa = XCSwiftPackageProductDependency;
			package = D2715A742B1B66D700343DAB /* XCRemoteSwiftPackageReference "supabase-swift" */;
			productName = Functions;
		};
		D2715A772B1B66D700343DAB /* Supabase */ = {
			isa = XCSwiftPackageProductDependency;
			package = D2715A742B1B66D700343DAB /* XCRemoteSwiftPackageReference "supabase-swift" */;
			productName = Supabase;
		};
/* End XCSwiftPackageProductDependency section */
	};
	rootObject = D2715A542B1B462400343DAB /* Project object */;
}
